# This file is automatically @generated by Cargo.
# It is not intended for manual editing.
version = 3

[[package]]
name = "claxon"
version = "0.4.3"
source = "registry+https://github.com/rust-lang/crates.io-index"
checksum = "4bfbf56724aa9eca8afa4fcfadeb479e722935bb2a0900c2d37e0cc477af0688"

[[package]]
name = "simpleaudioparser"
version = "0.1.0"
dependencies = [
 "claxon",
]
